
Microsoft Visual Studio Solution File, Format Version 12.00
# Visual Studio Version 16
VisualStudioVersion = 16.0.30503.244
MinimumVisualStudioVersion = 10.0.40219.1
Project("{FAE04EC0-301F-11D3-BF4B-00C04F79EFBC}") = "DiscordBot", "DiscordBot\DiscordBot.csproj", "{7F837FAE-481C-439B-B278-7DA68F4302C3}"
EndProject
Global
	GlobalSection(SolutionConfigurationPlatforms) = preSolution
		Debug|Any CPU = Debug|Any CPU
		Release|Any CPU = Release|Any CPU
	EndGlobalSection
	GlobalSection(ProjectConfigurationPlatforms) = postSolution
		{7F837FAE-481C-439B-B278-7DA68F4302C3}.Debug|Any CPU.ActiveCfg = Debug|Any CPU
		{7F837FAE-481C-439B-B278-7DA68F4302C3}.Debug|Any CPU.Build.0 = Debug|Any CPU
		{7F837FAE-481C-439B-B278-7DA68F4302C3}.Release|Any CPU.ActiveCfg = Release|Any CPU
		{7F837FAE-481C-439B-B278-7DA68F4302C3}.Release|Any CPU.Build.0 = Release|Any CPU
	EndGlobalSection
	GlobalSection(SolutionProperties) = preSolution
		HideSolutionNode = FALSE
	EndGlobalSection
	GlobalSection(ExtensibilityGlobals) = postSolution
		SolutionGuid = {FC07F2CD-831F-49C9-829C-3C92EE69326A}
	EndGlobalSection
EndGlobal
